
Microsoft Visual Studio Solution File, Format Version 12.00
# Visual Studio Version 17
VisualStudioVersion = 17.13.35617.110 d17.13
MinimumVisualStudioVersion = 10.0.40219.1
Project("{FAE04EC0-301F-11D3-BF4B-00C04F79EFBC}") = "testform", "testform.csproj", "{B70094A5-3290-45A0-84E1-3DD6B7D59F97}"
EndProject
Global
	GlobalSection(SolutionConfigurationPlatforms) = preSolution
		Debug|Any CPU = Debug|Any CPU
		Debug|x64 = Debug|x64
		Release|Any CPU = Release|Any CPU
		Release|x64 = Release|x64
	EndGlobalSection
	GlobalSection(ProjectConfigurationPlatforms) = postSolution
		{B70094A5-3290-45A0-84E1-3DD6B7D59F97}.Debug|Any CPU.ActiveCfg = Debug|Any CPU
		{B70094A5-3290-45A0-84E1-3DD6B7D59F97}.Debug|Any CPU.Build.0 = Debug|Any CPU
		{B70094A5-3290-45A0-84E1-3DD6B7D59F97}.Debug|x64.ActiveCfg = Debug|x64
		{B70094A5-3290-45A0-84E1-3DD6B7D59F97}.Debug|x64.Build.0 = Debug|x64
		{B70094A5-3290-45A0-84E1-3DD6B7D59F97}.Release|Any CPU.ActiveCfg = Release|Any CPU
		{B70094A5-3290-45A0-84E1-3DD6B7D59F97}.Release|Any CPU.Build.0 = Release|Any CPU
		{B70094A5-3290-45A0-84E1-3DD6B7D59F97}.Release|x64.ActiveCfg = Release|x64
		{B70094A5-3290-45A0-84E1-3DD6B7D59F97}.Release|x64.Build.0 = Release|x64
	EndGlobalSection
	GlobalSection(SolutionProperties) = preSolution
		HideSolutionNode = FALSE
	EndGlobalSection
	GlobalSection(ExtensibilityGlobals) = postSolution
		SolutionGuid = {11A20FE5-8F4D-4DD6-A4EB-E40B6BE3DF0B}
	EndGlobalSection
EndGlobal
